{
  "name": "PhotoPlay-WS",
  "lockfileVersion": 3,
  "requires": true,
  "packages": {
    "": {
      "dependencies": {
        "oracledb": "^6.5.0"
      }
    },
    "node_modules/oracledb": {
      "version": "6.5.0",
      "resolved": "https://registry.npmjs.org/oracledb/-/oracledb-6.5.0.tgz",
      "integrity": "sha512-qatYpBw47MefAFZYaTkN6nFs5mSqHwJ+qJhFr0eDQKKBvNE1It9HdJXx+/o1T0bmAYoapkEfqG5E7it5tOG2mQ==",
      "hasInstallScript": true,
      "engines": {
        "node": ">=14.6"
      }
    }
  }
}
